// !$*UTF8*$!
{
	archiveVersion = 1;
	classes = {
	};
	objectVersion = 50;
	objects = {

/* Begin PBXBuildFile section */
		6BC3B8EB224A276500EE4670 /* HiNetworkKit.framework in Frameworks */ = {isa = PBXBuildFile; fileRef = 6BC3B8E1224A276500EE4670 /* HiNetworkKit.framework */; };
		6BC3B8F0224A276500EE4670 /* HiNetworkKitTests.m in Sources */ = {isa = PBXBuildFile; fileRef = 6BC3B8EF224A276500EE4670 /* HiNetworkKitTests.m */; };
		6BC3B8F2224A276500EE4670 /* HiNetworkKit.h in Headers */ = {isa = PBXBuildFile; fileRef = 6BC3B8E4224A276500EE4670 /* HiNetworkKit.h */; settings = {ATTRIBUTES = (Public, ); }; };
		6BC3B913224A278800EE4670 /* HiNetworkDownloadTask.h in Headers */ = {isa = PBXBuildFile; fileRef = 6BC3B8FC224A278800EE4670 /* HiNetworkDownloadTask.h */; settings = {ATTRIBUTES = (Public, ); }; };
		6BC3B914224A278800EE4670 /* HiNetworKSession.m in Sources */ = {isa = PBXBuildFile; fileRef = 6BC3B8FD224A278800EE4670 /* HiNetworKSession.m */; };
		6BC3B915224A278800EE4670 /* HiNetworkHTTPStatusCode.h in Headers */ = {isa = PBXBuildFile; fileRef = 6BC3B8FE224A278800EE4670 /* HiNetworkHTTPStatusCode.h */; };
		6BC3B916224A278800EE4670 /* HiNetworkError.h in Headers */ = {isa = PBXBuildFile; fileRef = 6BC3B8FF224A278800EE4670 /* HiNetworkError.h */; };
		6BC3B917224A278800EE4670 /* HiNetworkUploadTask.m in Sources */ = {isa = PBXBuildFile; fileRef = 6BC3B900224A278800EE4670 /* HiNetworkUploadTask.m */; };
		6BC3B918224A278800EE4670 /* HiNetworkHTTPTask.m in Sources */ = {isa = PBXBuildFile; fileRef = 6BC3B901224A278800EE4670 /* HiNetworkHTTPTask.m */; };
		6BC3B919224A278800EE4670 /* HiNetworKSession.h in Headers */ = {isa = PBXBuildFile; fileRef = 6BC3B902224A278800EE4670 /* HiNetworKSession.h */; };
		6BC3B91A224A278800EE4670 /* HiNetworkDownloadTask.m in Sources */ = {isa = PBXBuildFile; fileRef = 6BC3B903224A278800EE4670 /* HiNetworkDownloadTask.m */; };
		6BC3B91B224A278800EE4670 /* NKDiskCache.m in Sources */ = {isa = PBXBuildFile; fileRef = 6BC3B905224A278800EE4670 /* NKDiskCache.m */; };
		6BC3B91C224A278800EE4670 /* NKCache.m in Sources */ = {isa = PBXBuildFile; fileRef = 6BC3B906224A278800EE4670 /* NKCache.m */; };
		6BC3B91D224A278800EE4670 /* NKMemoryCache.m in Sources */ = {isa = PBXBuildFile; fileRef = 6BC3B907224A278800EE4670 /* NKMemoryCache.m */; };
		6BC3B91E224A278800EE4670 /* NKCacheProtocol.h in Headers */ = {isa = PBXBuildFile; fileRef = 6BC3B908224A278800EE4670 /* NKCacheProtocol.h */; settings = {ATTRIBUTES = (Public, ); }; };
		6BC3B91F224A278800EE4670 /* NKCache.h in Headers */ = {isa = PBXBuildFile; fileRef = 6BC3B909224A278800EE4670 /* NKCache.h */; settings = {ATTRIBUTES = (Public, ); }; };
		6BC3B920224A278800EE4670 /* NKDiskCache.h in Headers */ = {isa = PBXBuildFile; fileRef = 6BC3B90A224A278800EE4670 /* NKDiskCache.h */; };
		6BC3B921224A278800EE4670 /* NKMemoryCache.h in Headers */ = {isa = PBXBuildFile; fileRef = 6BC3B90B224A278800EE4670 /* NKMemoryCache.h */; };
		6BC3B922224A278800EE4670 /* HiNetworkError.m in Sources */ = {isa = PBXBuildFile; fileRef = 6BC3B90C224A278800EE4670 /* HiNetworkError.m */; };
		6BC3B923224A278800EE4670 /* HiNetworkHTTPTask.h in Headers */ = {isa = PBXBuildFile; fileRef = 6BC3B90D224A278800EE4670 /* HiNetworkHTTPTask.h */; settings = {ATTRIBUTES = (Public, ); }; };
		6BC3B924224A278800EE4670 /* HiNetworkUploadTask.h in Headers */ = {isa = PBXBuildFile; fileRef = 6BC3B90E224A278800EE4670 /* HiNetworkUploadTask.h */; settings = {ATTRIBUTES = (Public, ); }; };
		6BC3B926224A278800EE4670 /* HiNetworkReachabilityManager.m in Sources */ = {isa = PBXBuildFile; fileRef = 6BC3B911224A278800EE4670 /* HiNetworkReachabilityManager.m */; };
		6BC3B927224A278800EE4670 /* HiNetworkReachabilityManager.h in Headers */ = {isa = PBXBuildFile; fileRef = 6BC3B912224A278800EE4670 /* HiNetworkReachabilityManager.h */; settings = {ATTRIBUTES = (Public, ); }; };
/* End PBXBuildFile section */

/* Begin PBXContainerItemProxy section */
		6BC3B8EC224A276500EE4670 /* PBXContainerItemProxy */ = {
			isa = PBXContainerItemProxy;
			containerPortal = 6BC3B8D8224A276500EE4670 /* Project object */;
			proxyType = 1;
			remoteGlobalIDString = 6BC3B8E0224A276500EE4670;
			remoteInfo = HiNetworkKit;
		};
/* End PBXContainerItemProxy section */

/* Begin PBXFileReference section */
		6BC3B8E1224A276500EE4670 /* HiNetworkKit.framework */ = {isa = PBXFileReference; explicitFileType = wrapper.framework; includeInIndex = 0; path = HiNetworkKit.framework; sourceTree = BUILT_PRODUCTS_DIR; };
		6BC3B8E4224A276500EE4670 /* HiNetworkKit.h */ = {isa = PBXFileReference; lastKnownFileType = sourcecode.c.h; path = HiNetworkKit.h; sourceTree = "<group>"; };
		6BC3B8E5224A276500EE4670 /* Info.plist */ = {isa = PBXFileReference; lastKnownFileType = text.plist.xml; path = Info.plist; sourceTree = "<group>"; };
		6BC3B8EA224A276500EE4670 /* HiNetworkKitTests.xctest */ = {isa = PBXFileReference; explicitFileType = wrapper.cfbundle; includeInIndex = 0; path = HiNetworkKitTests.xctest; sourceTree = BUILT_PRODUCTS_DIR; };
		6BC3B8EF224A276500EE4670 /* HiNetworkKitTests.m */ = {isa = PBXFileReference; lastKnownFileType = sourcecode.c.objc; path = HiNetworkKitTests.m; sourceTree = "<group>"; };
		6BC3B8F1224A276500EE4670 /* Info.plist */ = {isa = PBXFileReference; lastKnownFileType = text.plist.xml; path = Info.plist; sourceTree = "<group>"; };
		6BC3B8FC224A278800EE4670 /* HiNetworkDownloadTask.h */ = {isa = PBXFileReference; fileEncoding = 4; lastKnownFileType = sourcecode.c.h; path = HiNetworkDownloadTask.h; sourceTree = "<group>"; };
		6BC3B8FD224A278800EE4670 /* HiNetworKSession.m */ = {isa = PBXFileReference; fileEncoding = 4; lastKnownFileType = sourcecode.c.objc; path = HiNetworKSession.m; sourceTree = "<group>"; };
		6BC3B8FE224A278800EE4670 /* HiNetworkHTTPStatusCode.h */ = {isa = PBXFileReference; fileEncoding = 4; lastKnownFileType = sourcecode.c.h; path = HiNetworkHTTPStatusCode.h; sourceTree = "<group>"; };
		6BC3B8FF224A278800EE4670 /* HiNetworkError.h */ = {isa = PBXFileReference; fileEncoding = 4; lastKnownFileType = sourcecode.c.h; path = HiNetworkError.h; sourceTree = "<group>"; };
		6BC3B900224A278800EE4670 /* HiNetworkUploadTask.m */ = {isa = PBXFileReference; fileEncoding = 4; lastKnownFileType = sourcecode.c.objc; path = HiNetworkUploadTask.m; sourceTree = "<group>"; };
		6BC3B901224A278800EE4670 /* HiNetworkHTTPTask.m */ = {isa = PBXFileReference; fileEncoding = 4; lastKnownFileType = sourcecode.c.objc; path = HiNetworkHTTPTask.m; sourceTree = "<group>"; };
		6BC3B902224A278800EE4670 /* HiNetworKSession.h */ = {isa = PBXFileReference; fileEncoding = 4; lastKnownFileType = sourcecode.c.h; path = HiNetworKSession.h; sourceTree = "<group>"; };
		6BC3B903224A278800EE4670 /* HiNetworkDownloadTask.m */ = {isa = PBXFileReference; fileEncoding = 4; lastKnownFileType = sourcecode.c.objc; path = HiNetworkDownloadTask.m; sourceTree = "<group>"; };
		6BC3B905224A278800EE4670 /* NKDiskCache.m */ = {isa = PBXFileReference; fileEncoding = 4; lastKnownFileType = sourcecode.c.objc; path = NKDiskCache.m; sourceTree = "<group>"; };
		6BC3B906224A278800EE4670 /* NKCache.m */ = {isa = PBXFileReference; fileEncoding = 4; lastKnownFileType = sourcecode.c.objc; path = NKCache.m; sourceTree = "<group>"; };
		6BC3B907224A278800EE4670 /* NKMemoryCache.m */ = {isa = PBXFileReference; fileEncoding = 4; lastKnownFileType = sourcecode.c.objc; path = NKMemoryCache.m; sourceTree = "<group>"; };
		6BC3B908224A278800EE4670 /* NKCacheProtocol.h */ = {isa = PBXFileReference; fileEncoding = 4; lastKnownFileType = sourcecode.c.h; path = NKCacheProtocol.h; sourceTree = "<group>"; };
		6BC3B909224A278800EE4670 /* NKCache.h */ = {isa = PBXFileReference; fileEncoding = 4; lastKnownFileType = sourcecode.c.h; path = NKCache.h; sourceTree = "<group>"; };
		6BC3B90A224A278800EE4670 /* NKDiskCache.h */ = {isa = PBXFileReference; fileEncoding = 4; lastKnownFileType = sourcecode.c.h; path = NKDiskCache.h; sourceTree = "<group>"; };
		6BC3B90B224A278800EE4670 /* NKMemoryCache.h */ = {isa = PBXFileReference; fileEncoding = 4; lastKnownFileType = sourcecode.c.h; path = NKMemoryCache.h; sourceTree = "<group>"; };
		6BC3B90C224A278800EE4670 /* HiNetworkError.m */ = {isa = PBXFileReference; fileEncoding = 4; lastKnownFileType = sourcecode.c.objc; path = HiNetworkError.m; sourceTree = "<group>"; };
		6BC3B90D224A278800EE4670 /* HiNetworkHTTPTask.h */ = {isa = PBXFileReference; fileEncoding = 4; lastKnownFileType = sourcecode.c.h; path = HiNetworkHTTPTask.h; sourceTree = "<group>"; };
		6BC3B90E224A278800EE4670 /* HiNetworkUploadTask.h */ = {isa = PBXFileReference; fileEncoding = 4; lastKnownFileType = sourcecode.c.h; path = HiNetworkUploadTask.h; sourceTree = "<group>"; };
		6BC3B911224A278800EE4670 /* HiNetworkReachabilityManager.m */ = {isa = PBXFileReference; fileEncoding = 4; lastKnownFileType = sourcecode.c.objc; path = HiNetworkReachabilityManager.m; sourceTree = "<group>"; };
		6BC3B912224A278800EE4670 /* HiNetworkReachabilityManager.h */ = {isa = PBXFileReference; fileEncoding = 4; lastKnownFileType = sourcecode.c.h; path = HiNetworkReachabilityManager.h; sourceTree = "<group>"; };
/* End PBXFileReference section */

/* Begin PBXFrameworksBuildPhase section */
		6BC3B8DE224A276500EE4670 /* Frameworks */ = {
			isa = PBXFrameworksBuildPhase;
			buildActionMask = 2147483647;
			files = (
			);
			runOnlyForDeploymentPostprocessing = 0;
		};
		6BC3B8E7224A276500EE4670 /* Frameworks */ = {
			isa = PBXFrameworksBuildPhase;
			buildActionMask = 2147483647;
			files = (
				6BC3B8EB224A276500EE4670 /* HiNetworkKit.framework in Frameworks */,
			);
			runOnlyForDeploymentPostprocessing = 0;
		};
/* End PBXFrameworksBuildPhase section */

/* Begin PBXGroup section */
		6BC3B8D7224A276500EE4670 = {
			isa = PBXGroup;
			children = (
				6BC3B8FB224A278800EE4670 /* Source */,
				6BC3B8E3224A276500EE4670 /* Resource */,
				6BC3B8EE224A276500EE4670 /* HiNetworkKitTests */,
				6BC3B8E2224A276500EE4670 /* Products */,
			);
			sourceTree = "<group>";
		};
		6BC3B8E2224A276500EE4670 /* Products */ = {
			isa = PBXGroup;
			children = (
				6BC3B8E1224A276500EE4670 /* HiNetworkKit.framework */,
				6BC3B8EA224A276500EE4670 /* HiNetworkKitTests.xctest */,
			);
			name = Products;
			sourceTree = "<group>";
		};
		6BC3B8E3224A276500EE4670 /* Resource */ = {
			isa = PBXGroup;
			children = (
				6BC3B8E5224A276500EE4670 /* Info.plist */,
			);
			path = Resource;
			sourceTree = "<group>";
		};
		6BC3B8EE224A276500EE4670 /* HiNetworkKitTests */ = {
			isa = PBXGroup;
			children = (
				6BC3B8EF224A276500EE4670 /* HiNetworkKitTests.m */,
				6BC3B8F1224A276500EE4670 /* Info.plist */,
			);
			path = HiNetworkKitTests;
			sourceTree = "<group>";
		};
		6BC3B8FB224A278800EE4670 /* Source */ = {
			isa = PBXGroup;
			children = (
				6BC3B8E4224A276500EE4670 /* HiNetworkKit.h */,
				6BC3B902224A278800EE4670 /* HiNetworKSession.h */,
				6BC3B8FD224A278800EE4670 /* HiNetworKSession.m */,
				6BC3B90D224A278800EE4670 /* HiNetworkHTTPTask.h */,
				6BC3B901224A278800EE4670 /* HiNetworkHTTPTask.m */,
				6BC3B8FE224A278800EE4670 /* HiNetworkHTTPStatusCode.h */,
				6BC3B8FC224A278800EE4670 /* HiNetworkDownloadTask.h */,
				6BC3B903224A278800EE4670 /* HiNetworkDownloadTask.m */,
				6BC3B90E224A278800EE4670 /* HiNetworkUploadTask.h */,
				6BC3B900224A278800EE4670 /* HiNetworkUploadTask.m */,
				6BC3B8FF224A278800EE4670 /* HiNetworkError.h */,
				6BC3B90C224A278800EE4670 /* HiNetworkError.m */,
				6BC3B904224A278800EE4670 /* NKCache */,
				6BC3B910224A278800EE4670 /* NetworlReachability */,
			);
			name = Source;
			path = ../Source;
			sourceTree = "<group>";
		};
		6BC3B904224A278800EE4670 /* NKCache */ = {
			isa = PBXGroup;
			children = (
				6BC3B908224A278800EE4670 /* NKCacheProtocol.h */,
				6BC3B909224A278800EE4670 /* NKCache.h */,
				6BC3B906224A278800EE4670 /* NKCache.m */,
				6BC3B90B224A278800EE4670 /* NKMemoryCache.h */,
				6BC3B907224A278800EE4670 /* NKMemoryCache.m */,
				6BC3B90A224A278800EE4670 /* NKDiskCache.h */,
				6BC3B905224A278800EE4670 /* NKDiskCache.m */,
			);
			path = NKCache;
			sourceTree = "<group>";
		};
		6BC3B910224A278800EE4670 /* NetworlReachability */ = {
			isa = PBXGroup;
			children = (
				6BC3B912224A278800EE4670 /* HiNetworkReachabilityManager.h */,
				6BC3B911224A278800EE4670 /* HiNetworkReachabilityManager.m */,
			);
			path = NetworlReachability;
			sourceTree = "<group>";
		};
/* End PBXGroup section */

/* Begin PBXHeadersBuildPhase section */
		6BC3B8DC224A276500EE4670 /* Headers */ = {
			isa = PBXHeadersBuildPhase;
			buildActionMask = 2147483647;
			files = (
				6BC3B921224A278800EE4670 /* NKMemoryCache.h in Headers */,
				6BC3B913224A278800EE4670 /* HiNetworkDownloadTask.h in Headers */,
				6BC3B927224A278800EE4670 /* HiNetworkReachabilityManager.h in Headers */,
				6BC3B923224A278800EE4670 /* HiNetworkHTTPTask.h in Headers */,
				6BC3B91F224A278800EE4670 /* NKCache.h in Headers */,
				6BC3B924224A278800EE4670 /* HiNetworkUploadTask.h in Headers */,
				6BC3B91E224A278800EE4670 /* NKCacheProtocol.h in Headers */,
				6BC3B919224A278800EE4670 /* HiNetworKSession.h in Headers */,
				6BC3B8F2224A276500EE4670 /* HiNetworkKit.h in Headers */,
				6BC3B920224A278800EE4670 /* NKDiskCache.h in Headers */,
				6BC3B915224A278800EE4670 /* HiNetworkHTTPStatusCode.h in Headers */,
				6BC3B916224A278800EE4670 /* HiNetworkError.h in Headers */,
			);
			runOnlyForDeploymentPostprocessing = 0;
		};
/* End PBXHeadersBuildPhase section */

/* Begin PBXNativeTarget section */
		6BC3B8E0224A276500EE4670 /* HiNetworkKit */ = {
			isa = PBXNativeTarget;
			buildConfigurationList = 6BC3B8F5224A276500EE4670 /* Build configuration list for PBXNativeTarget "HiNetworkKit" */;
			buildPhases = (
				6BC3B8DC224A276500EE4670 /* Headers */,
				6BC3B8DD224A276500EE4670 /* Sources */,
				6BC3B8DE224A276500EE4670 /* Frameworks */,
				6BC3B8DF224A276500EE4670 /* Resources */,
			);
			buildRules = (
			);
			dependencies = (
			);
			name = HiNetworkKit;
			productName = HiNetworkKit;
			productReference = 6BC3B8E1224A276500EE4670 /* HiNetworkKit.framework */;
			productType = "com.apple.product-type.framework";
		};
		6BC3B8E9224A276500EE4670 /* HiNetworkKitTests */ = {
			isa = PBXNativeTarget;
			buildConfigurationList = 6BC3B8F8224A276500EE4670 /* Build configuration list for PBXNativeTarget "HiNetworkKitTests" */;
			buildPhases = (
				6BC3B8E6224A276500EE4670 /* Sources */,
				6BC3B8E7224A276500EE4670 /* Frameworks */,
				6BC3B8E8224A276500EE4670 /* Resources */,
			);
			buildRules = (
			);
			dependencies = (
				6BC3B8ED224A276500EE4670 /* PBXTargetDependency */,
			);
			name = HiNetworkKitTests;
			productName = HiNetworkKitTests;
			productReference = 6BC3B8EA224A276500EE4670 /* HiNetworkKitTests.xctest */;
			productType = "com.apple.product-type.bundle.unit-test";
		};
/* End PBXNativeTarget section */

/* Begin PBXProject section */
		6BC3B8D8224A276500EE4670 /* Project object */ = {
			isa = PBXProject;
			attributes = {
				LastUpgradeCheck = 1010;
				ORGANIZATIONNAME = mutating;
				TargetAttributes = {
					6BC3B8E0224A276500EE4670 = {
						CreatedOnToolsVersion = 10.1;
					};
					6BC3B8E9224A276500EE4670 = {
						CreatedOnToolsVersion = 10.1;
					};
				};
			};
			buildConfigurationList = 6BC3B8DB224A276500EE4670 /* Build configuration list for PBXProject "HiNetworkKit" */;
			compatibilityVersion = "Xcode 9.3";
			developmentRegion = en;
			hasScannedForEncodings = 0;
			knownRegions = (
				en,
			);
			mainGroup = 6BC3B8D7224A276500EE4670;
			productRefGroup = 6BC3B8E2224A276500EE4670 /* Products */;
			projectDirPath = "";
			projectRoot = "";
			targets = (
				6BC3B8E0224A276500EE4670 /* HiNetworkKit */,
				6BC3B8E9224A276500EE4670 /* HiNetworkKitTests */,
			);
		};
/* End PBXProject section */

/* Begin PBXResourcesBuildPhase section */
		6BC3B8DF224A276500EE4670 /* Resources */ = {
			isa = PBXResourcesBuildPhase;
			buildActionMask = 2147483647;
			files = (
			);
			runOnlyForDeploymentPostprocessing = 0;
		};
		6BC3B8E8224A276500EE4670 /* Resources */ = {
			isa = PBXResourcesBuildPhase;
			buildActionMask = 2147483647;
			files = (
			);
			runOnlyForDeploymentPostprocessing = 0;
		};
/* End PBXResourcesBuildPhase section */

/* Begin PBXSourcesBuildPhase section */
		6BC3B8DD224A276500EE4670 /* Sources */ = {
			isa = PBXSourcesBuildPhase;
			buildActionMask = 2147483647;
			files = (
				6BC3B926224A278800EE4670 /* HiNetworkReachabilityManager.m in Sources */,
				6BC3B922224A278800EE4670 /* HiNetworkError.m in Sources */,
				6BC3B91A224A278800EE4670 /* HiNetworkDownloadTask.m in Sources */,
				6BC3B914224A278800EE4670 /* HiNetworKSession.m in Sources */,
				6BC3B918224A278800EE4670 /* HiNetworkHTTPTask.m in Sources */,
				6BC3B91B224A278800EE4670 /* NKDiskCache.m in Sources */,
				6BC3B917224A278800EE4670 /* HiNetworkUploadTask.m in Sources */,
				6BC3B91D224A278800EE4670 /* NKMemoryCache.m in Sources */,
				6BC3B91C224A278800EE4670 /* NKCache.m in Sources */,
			);
			runOnlyForDeploymentPostprocessing = 0;
		};
		6BC3B8E6224A276500EE4670 /* Sources */ = {
			isa = PBXSourcesBuildPhase;
			buildActionMask = 2147483647;
			files = (
				6BC3B8F0224A276500EE4670 /* HiNetworkKitTests.m in Sources */,
			);
			runOnlyForDeploymentPostprocessing = 0;
		};
/* End PBXSourcesBuildPhase section */

/* Begin PBXTargetDependency section */
		6BC3B8ED224A276500EE4670 /* PBXTargetDependency */ = {
			isa = PBXTargetDependency;
			target = 6BC3B8E0224A276500EE4670 /* HiNetworkKit */;
			targetProxy = 6BC3B8EC224A276500EE4670 /* PBXContainerItemProxy */;
		};
/* End PBXTargetDependency section */

/* Begin XCBuildConfiguration section */
		6BC3B8F3224A276500EE4670 /* Debug */ = {
			isa = XCBuildConfiguration;
			buildSettings = {
				ALWAYS_SEARCH_USER_PATHS = NO;
				CLANG_ANALYZER_NONNULL = YES;
				CLANG_ANALYZER_NUMBER_OBJECT_CONVERSION = YES_AGGRESSIVE;
				CLANG_CXX_LANGUAGE_STANDARD = "gnu++14";
				CLANG_CXX_LIBRARY = "libc++";
				CLANG_ENABLE_MODULES = YES;
				CLANG_ENABLE_OBJC_ARC = YES;
				CLANG_ENABLE_OBJC_WEAK = YES;
				CLANG_WARN_BLOCK_CAPTURE_AUTORELEASING = YES;
				CLANG_WARN_BOOL_CONVERSION = YES;
				CLANG_WARN_COMMA = YES;
				CLANG_WARN_CONSTANT_CONVERSION = YES;
				CLANG_WARN_DEPRECATED_OBJC_IMPLEMENTATIONS = YES;
				CLANG_WARN_DIRECT_OBJC_ISA_USAGE = YES_ERROR;
				CLANG_WARN_DOCUMENTATION_COMMENTS = YES;
				CLANG_WARN_EMPTY_BODY = YES;
				CLANG_WARN_ENUM_CONVERSION = YES;
				CLANG_WARN_INFINITE_RECURSION = YES;
				CLANG_WARN_INT_CONVERSION = YES;
				CLANG_WARN_NON_LITERAL_NULL_CONVERSION = YES;
				CLANG_WARN_OBJC_IMPLICIT_RETAIN_SELF = YES;
				CLANG_WARN_OBJC_LITERAL_CONVERSION = YES;
				CLANG_WARN_OBJC_ROOT_CLASS = YES_ERROR;
				CLANG_WARN_RANGE_LOOP_ANALYSIS = YES;
				CLANG_WARN_STRICT_PROTOTYPES = YES;
				CLANG_WARN_SUSPICIOUS_MOVE = YES;
				CLANG_WARN_UNGUARDED_AVAILABILITY = YES_AGGRESSIVE;
				CLANG_WARN_UNREACHABLE_CODE = YES;
				CLANG_WARN__DUPLICATE_METHOD_MATCH = YES;
				CODE_SIGN_IDENTITY = "iPhone Developer";
				COPY_PHASE_STRIP = NO;
				CURRENT_PROJECT_VERSION = 1;
				DEBUG_INFORMATION_FORMAT = dwarf;
				ENABLE_STRICT_OBJC_MSGSEND = YES;
				ENABLE_TESTABILITY = YES;
				GCC_C_LANGUAGE_STANDARD = gnu11;
				GCC_DYNAMIC_NO_PIC = NO;
				GCC_NO_COMMON_BLOCKS = YES;
				GCC_OPTIMIZATION_LEVEL = 0;
				GCC_PREPROCESSOR_DEFINITIONS = (
					"DEBUG=1",
					"$(inherited)",
				);
				GCC_WARN_64_TO_32_BIT_CONVERSION = YES;
				GCC_WARN_ABOUT_RETURN_TYPE = YES_ERROR;
				GCC_WARN_UNDECLARED_SELECTOR = YES;
				GCC_WARN_UNINITIALIZED_AUTOS = YES_AGGRESSIVE;
				GCC_WARN_UNUSED_FUNCTION = YES;
				GCC_WARN_UNUSED_VARIABLE = YES;
				IPHONEOS_DEPLOYMENT_TARGET = 8.0;
				MTL_ENABLE_DEBUG_INFO = INCLUDE_SOURCE;
				MTL_FAST_MATH = YES;
				ONLY_ACTIVE_ARCH = YES;
				SDKROOT = iphoneos;
				VERSIONING_SYSTEM = "apple-generic";
				VERSION_INFO_PREFIX = "";
			};
			name = Debug;
		};
		6BC3B8F4224A276500EE4670 /* Release */ = {
			isa = XCBuildConfiguration;
			buildSettings = {
				ALWAYS_SEARCH_USER_PATHS = NO;
				CLANG_ANALYZER_NONNULL = YES;
				CLANG_ANALYZER_NUMBER_OBJECT_CONVERSION = YES_AGGRESSIVE;
				CLANG_CXX_LANGUAGE_STANDARD = "gnu++14";
				CLANG_CXX_LIBRARY = "libc++";
				CLANG_ENABLE_MODULES = YES;
				CLANG_ENABLE_OBJC_ARC = YES;
				CLANG_ENABLE_OBJC_WEAK = YES;
				CLANG_WARN_BLOCK_CAPTURE_AUTORELEASING = YES;
				CLANG_WARN_BOOL_CONVERSION = YES;
				CLANG_WARN_COMMA = YES;
				CLANG_WARN_CONSTANT_CONVERSION = YES;
				CLANG_WARN_DEPRECATED_OBJC_IMPLEMENTATIONS = YES;
				CLANG_WARN_DIRECT_OBJC_ISA_USAGE = YES_ERROR;
				CLANG_WARN_DOCUMENTATION_COMMENTS = YES;
				CLANG_WARN_EMPTY_BODY = YES;
				CLANG_WARN_ENUM_CONVERSION = YES;
				CLANG_WARN_INFINITE_RECURSION = YES;
				CLANG_WARN_INT_CONVERSION = YES;
				CLANG_WARN_NON_LITERAL_NULL_CONVERSION = YES;
				CLANG_WARN_OBJC_IMPLICIT_RETAIN_SELF = YES;
				CLANG_WARN_OBJC_LITERAL_CONVERSION = YES;
				CLANG_WARN_OBJC_ROOT_CLASS = YES_ERROR;
				CLANG_WARN_RANGE_LOOP_ANALYSIS = YES;
				CLANG_WARN_STRICT_PROTOTYPES = YES;
				CLANG_WARN_SUSPICIOUS_MOVE = YES;
				CLANG_WARN_UNGUARDED_AVAILABILITY = YES_AGGRESSIVE;
				CLANG_WARN_UNREACHABLE_CODE = YES;
				CLANG_WARN__DUPLICATE_METHOD_MATCH = YES;
				CODE_SIGN_IDENTITY = "iPhone Developer";
				COPY_PHASE_STRIP = NO;
				CURRENT_PROJECT_VERSION = 1;
				DEBUG_INFORMATION_FORMAT = "dwarf-with-dsym";
				ENABLE_NS_ASSERTIONS = NO;
				ENABLE_STRICT_OBJC_MSGSEND = YES;
				GCC_C_LANGUAGE_STANDARD = gnu11;
				GCC_NO_COMMON_BLOCKS = YES;
				GCC_WARN_64_TO_32_BIT_CONVERSION = YES;
				GCC_WARN_ABOUT_RETURN_TYPE = YES_ERROR;
				GCC_WARN_UNDECLARED_SELECTOR = YES;
				GCC_WARN_UNINITIALIZED_AUTOS = YES_AGGRESSIVE;
				GCC_WARN_UNUSED_FUNCTION = YES;
				GCC_WARN_UNUSED_VARIABLE = YES;
				IPHONEOS_DEPLOYMENT_TARGET = 8.0;
				MTL_ENABLE_DEBUG_INFO = NO;
				MTL_FAST_MATH = YES;
				SDKROOT = iphoneos;
				VALIDATE_PRODUCT = YES;
				VERSIONING_SYSTEM = "apple-generic";
				VERSION_INFO_PREFIX = "";
			};
			name = Release;
		};
		6BC3B8F6224A276500EE4670 /* Debug */ = {
			isa = XCBuildConfiguration;
			buildSettings = {
				CODE_SIGN_IDENTITY = "";
				CODE_SIGN_STYLE = Automatic;
				DEFINES_MODULE = YES;
				DEVELOPMENT_TEAM = 9Q2JNSZV5H;
				DYLIB_COMPATIBILITY_VERSION = 1;
				DYLIB_CURRENT_VERSION = 1;
				DYLIB_INSTALL_NAME_BASE = "@rpath";
				INFOPLIST_FILE = Resource/Info.plist;
				INSTALL_PATH = "$(LOCAL_LIBRARY_DIR)/Frameworks";
				LD_RUNPATH_SEARCH_PATHS = (
					"$(inherited)",
					"@executable_path/Frameworks",
					"@loader_path/Frameworks",
				);
				PRODUCT_BUNDLE_IDENTIFIER = com.mutating.sample.HiNetworkKit;
				PRODUCT_NAME = "$(TARGET_NAME:c99extidentifier)";
				SKIP_INSTALL = YES;
				TARGETED_DEVICE_FAMILY = "1,2";
			};
			name = Debug;
		};
		6BC3B8F7224A276500EE4670 /* Release */ = {
			isa = XCBuildConfiguration;
			buildSettings = {
				CODE_SIGN_IDENTITY = "";
				CODE_SIGN_STYLE = Automatic;
				DEFINES_MODULE = YES;
				DEVELOPMENT_TEAM = 9Q2JNSZV5H;
				DYLIB_COMPATIBILITY_VERSION = 1;
				DYLIB_CURRENT_VERSION = 1;
				DYLIB_INSTALL_NAME_BASE = "@rpath";
				INFOPLIST_FILE = Resource/Info.plist;
				INSTALL_PATH = "$(LOCAL_LIBRARY_DIR)/Frameworks";
				LD_RUNPATH_SEARCH_PATHS = (
					"$(inherited)",
					"@executable_path/Frameworks",
					"@loader_path/Frameworks",
				);
				PRODUCT_BUNDLE_IDENTIFIER = com.mutating.sample.HiNetworkKit;
				PRODUCT_NAME = "$(TARGET_NAME:c99extidentifier)";
				SKIP_INSTALL = YES;
				TARGETED_DEVICE_FAMILY = "1,2";
			};
			name = Release;
		};
		6BC3B8F9224A276500EE4670 /* Debug */ = {
			isa = XCBuildConfiguration;
			buildSettings = {
				CODE_SIGN_STYLE = Automatic;
				DEVELOPMENT_TEAM = 9Q2JNSZV5H;
				INFOPLIST_FILE = HiNetworkKitTests/Info.plist;
				LD_RUNPATH_SEARCH_PATHS = (
					"$(inherited)",
					"@executable_path/Frameworks",
					"@loader_path/Frameworks",
				);
				PRODUCT_BUNDLE_IDENTIFIER = com.mutating.sample.HiNetworkKitTests;
				PRODUCT_NAME = "$(TARGET_NAME)";
				TARGETED_DEVICE_FAMILY = "1,2";
			};
			name = Debug;
		};
		6BC3B8FA224A276500EE4670 /* Release */ = {
			isa = XCBuildConfiguration;
			buildSettings = {
				CODE_SIGN_STYLE = Automatic;
				DEVELOPMENT_TEAM = 9Q2JNSZV5H;
				INFOPLIST_FILE = HiNetworkKitTests/Info.plist;
				LD_RUNPATH_SEARCH_PATHS = (
					"$(inherited)",
					"@executable_path/Frameworks",
					"@loader_path/Frameworks",
				);
				PRODUCT_BUNDLE_IDENTIFIER = com.mutating.sample.HiNetworkKitTests;
				PRODUCT_NAME = "$(TARGET_NAME)";
				TARGETED_DEVICE_FAMILY = "1,2";
			};
			name = Release;
		};
/* End XCBuildConfiguration section */

/* Begin XCConfigurationList section */
		6BC3B8DB224A276500EE4670 /* Build configuration list for PBXProject "HiNetworkKit" */ = {
			isa = XCConfigurationList;
			buildConfigurations = (
				6BC3B8F3224A276500EE4670 /* Debug */,
				6BC3B8F4224A276500EE4670 /* Release */,
			);
			defaultConfigurationIsVisible = 0;
			defaultConfigurationName = Release;
		};
		6BC3B8F5224A276500EE4670 /* Build configuration list for PBXNativeTarget "HiNetworkKit" */ = {
			isa = XCConfigurationList;
			buildConfigurations = (
				6BC3B8F6224A276500EE4670 /* Debug */,
				6BC3B8F7224A276500EE4670 /* Release */,
			);
			defaultConfigurationIsVisible = 0;
			defaultConfigurationName = Release;
		};
		6BC3B8F8224A276500EE4670 /* Build configuration list for PBXNativeTarget "HiNetworkKitTests" */ = {
			isa = XCConfigurationList;
			buildConfigurations = (
				6BC3B8F9224A276500EE4670 /* Debug */,
				6BC3B8FA224A276500EE4670 /* Release */,
			);
			defaultConfigurationIsVisible = 0;
			defaultConfigurationName = Release;
		};
/* End XCConfigurationList section */
	};
	rootObject = 6BC3B8D8224A276500EE4670 /* Project object */;
}
